// !$*UTF8*$!
{
	archiveVersion = 1;
	classes = {
	};
	objectVersion = 46;
	objects = {

/* Begin PBXBuildFile section */
		383B915B1D12100E0064910A /* mpush_client.h in Headers */ = {isa = PBXBuildFile; fileRef = 383B915A1D12100E0064910A /* mpush_client.h */; settings = {ATTRIBUTES = (Public, ); }; };
		383B91621D12100E0064910A /* mpush_client.framework in Frameworks */ = {isa = PBXBuildFile; fileRef = 383B91571D12100E0064910A /* mpush_client.framework */; };
		383B91671D12100E0064910A /* mpush_clientTests.swift in Sources */ = {isa = PBXBuildFile; fileRef = 383B91661D12100E0064910A /* mpush_clientTests.swift */; };
		383B91A91D124BE20064910A /* modules in Resources */ = {isa = PBXBuildFile; fileRef = 383B91A81D124BE20064910A /* modules */; };
		383B91B21D125F170064910A /* libz.tbd in Frameworks */ = {isa = PBXBuildFile; fileRef = 383B91AE1D125CA90064910A /* libz.tbd */; };
		387E864F1D6D495900E7DE5A /* Client.swift in Sources */ = {isa = PBXBuildFile; fileRef = 387E85FE1D6D495900E7DE5A /* Client.swift */; };
		387E86501D6D495900E7DE5A /* ClientListener.swift in Sources */ = {isa = PBXBuildFile; fileRef = 387E85FF1D6D495900E7DE5A /* ClientListener.swift */; };
		387E86511D6D495900E7DE5A /* Cipher.swift in Sources */ = {isa = PBXBuildFile; fileRef = 387E86011D6D495900E7DE5A /* Cipher.swift */; };
		387E86521D6D495900E7DE5A /* Connection.swift in Sources */ = {isa = PBXBuildFile; fileRef = 387E86021D6D495900E7DE5A /* Connection.swift */; };
		387E86531D6D495900E7DE5A /* SessionContext.swift in Sources */ = {isa = PBXBuildFile; fileRef = 387E86031D6D495900E7DE5A /* SessionContext.swift */; };
		387E86541D6D495900E7DE5A /* SessionStorage.swift in Sources */ = {isa = PBXBuildFile; fileRef = 387E86041D6D495900E7DE5A /* SessionStorage.swift */; };
		387E86551D6D495900E7DE5A /* HttpCallback.swift in Sources */ = {isa = PBXBuildFile; fileRef = 387E86061D6D495900E7DE5A /* HttpCallback.swift */; };
		387E86561D6D495900E7DE5A /* HttpRequest.swift in Sources */ = {isa = PBXBuildFile; fileRef = 387E86071D6D495900E7DE5A /* HttpRequest.swift */; };
		387E86571D6D495900E7DE5A /* HttpResponse.swift in Sources */ = {isa = PBXBuildFile; fileRef = 387E86081D6D495900E7DE5A /* HttpResponse.swift */; };
		387E86581D6D495900E7DE5A /* ResonseFuture.swift in Sources */ = {isa = PBXBuildFile; fileRef = 387E86091D6D495900E7DE5A /* ResonseFuture.swift */; };
		387E86591D6D495900E7DE5A /* Message.swift in Sources */ = {isa = PBXBuildFile; fileRef = 387E860A1D6D495900E7DE5A /* Message.swift */; };
		387E865A1D6D495900E7DE5A /* MessageHandler.swift in Sources */ = {isa = PBXBuildFile; fileRef = 387E860B1D6D495900E7DE5A /* MessageHandler.swift */; };
		387E865B1D6D495900E7DE5A /* PacketReceiver.swift in Sources */ = {isa = PBXBuildFile; fileRef = 387E860C1D6D495900E7DE5A /* PacketReceiver.swift */; };
		387E865C1D6D495900E7DE5A /* Command.swift in Sources */ = {isa = PBXBuildFile; fileRef = 387E860E1D6D495900E7DE5A /* Command.swift */; };
		387E865D1D6D495900E7DE5A /* MpushProtocal.swift in Sources */ = {isa = PBXBuildFile; fileRef = 387E860F1D6D495900E7DE5A /* MpushProtocal.swift */; };
		387E865E1D6D495900E7DE5A /* Packet.swift in Sources */ = {isa = PBXBuildFile; fileRef = 387E86101D6D495900E7DE5A /* Packet.swift */; };
		387E865F1D6D495900E7DE5A /* AllotClient.swift in Sources */ = {isa = PBXBuildFile; fileRef = 387E86121D6D495900E7DE5A /* AllotClient.swift */; };
		387E86601D6D495900E7DE5A /* ClientConfig.swift in Sources */ = {isa = PBXBuildFile; fileRef = 387E86131D6D495900E7DE5A /* ClientConfig.swift */; };
		387E86611D6D495900E7DE5A /* ConnectThread.swift in Sources */ = {isa = PBXBuildFile; fileRef = 387E86141D6D495900E7DE5A /* ConnectThread.swift */; };
		387E86621D6D495900E7DE5A /* DefaultClientListener.swift in Sources */ = {isa = PBXBuildFile; fileRef = 387E86151D6D495900E7DE5A /* DefaultClientListener.swift */; };
		387E86631D6D495900E7DE5A /* HttpRequestQueue.swift in Sources */ = {isa = PBXBuildFile; fileRef = 387E86161D6D495900E7DE5A /* HttpRequestQueue.swift */; };
		387E86641D6D495900E7DE5A /* MessageDispatcher.swift in Sources */ = {isa = PBXBuildFile; fileRef = 387E86171D6D495900E7DE5A /* MessageDispatcher.swift */; };
		387E86651D6D495900E7DE5A /* MpushClient.swift in Sources */ = {isa = PBXBuildFile; fileRef = 387E86181D6D495900E7DE5A /* MpushClient.swift */; };
		387E86661D6D495900E7DE5A /* TcpConnection.swift in Sources */ = {isa = PBXBuildFile; fileRef = 387E86191D6D495900E7DE5A /* TcpConnection.swift */; };
		387E86671D6D495900E7DE5A /* PacketDecoder.swift in Sources */ = {isa = PBXBuildFile; fileRef = 387E861B1D6D495900E7DE5A /* PacketDecoder.swift */; };
		387E86681D6D495900E7DE5A /* PacketEncoder.swift in Sources */ = {isa = PBXBuildFile; fileRef = 387E861C1D6D495900E7DE5A /* PacketEncoder.swift */; };
		387E86691D6D495900E7DE5A /* PacketReader.swift in Sources */ = {isa = PBXBuildFile; fileRef = 387E861D1D6D495900E7DE5A /* PacketReader.swift */; };
		387E866A1D6D495900E7DE5A /* PacketWriter.swift in Sources */ = {isa = PBXBuildFile; fileRef = 387E861E1D6D495900E7DE5A /* PacketWriter.swift */; };
		387E866B1D6D495900E7DE5A /* BaseMessageHandler.swift in Sources */ = {isa = PBXBuildFile; fileRef = 387E86201D6D495900E7DE5A /* BaseMessageHandler.swift */; };
		387E866C1D6D495900E7DE5A /* ErrorMessageHandler.swift in Sources */ = {isa = PBXBuildFile; fileRef = 387E86211D6D495900E7DE5A /* ErrorMessageHandler.swift */; };
		387E866D1D6D495900E7DE5A /* FastConnectOkHandler.swift in Sources */ = {isa = PBXBuildFile; fileRef = 387E86221D6D495900E7DE5A /* FastConnectOkHandler.swift */; };
		387E866E1D6D495900E7DE5A /* HandshakeOkHandler.swift in Sources */ = {isa = PBXBuildFile; fileRef = 387E86231D6D495900E7DE5A /* HandshakeOkHandler.swift */; };
		387E866F1D6D495900E7DE5A /* HeartbeatHandler.swift in Sources */ = {isa = PBXBuildFile; fileRef = 387E86241D6D495900E7DE5A /* HeartbeatHandler.swift */; };
		387E86701D6D495900E7DE5A /* HttpProxyHandler.swift in Sources */ = {isa = PBXBuildFile; fileRef = 387E86251D6D495900E7DE5A /* HttpProxyHandler.swift */; };
		387E86711D6D495900E7DE5A /* KickUserHandler.swift in Sources */ = {isa = PBXBuildFile; fileRef = 387E86261D6D495900E7DE5A /* KickUserHandler.swift */; };
		387E86721D6D495900E7DE5A /* OkMessageHandler.swift in Sources */ = {isa = PBXBuildFile; fileRef = 387E86271D6D495900E7DE5A /* OkMessageHandler.swift */; };
		387E86731D6D495900E7DE5A /* PushMessageHandler.swift in Sources */ = {isa = PBXBuildFile; fileRef = 387E86281D6D495900E7DE5A /* PushMessageHandler.swift */; };
		387E86741D6D495900E7DE5A /* BaseMessage.swift in Sources */ = {isa = PBXBuildFile; fileRef = 387E862A1D6D495900E7DE5A /* BaseMessage.swift */; };
		387E86751D6D495900E7DE5A /* BindUserMessage.swift in Sources */ = {isa = PBXBuildFile; fileRef = 387E862B1D6D495900E7DE5A /* BindUserMessage.swift */; };
		387E86761D6D495900E7DE5A /* ByteBufMessage.swift in Sources */ = {isa = PBXBuildFile; fileRef = 387E862C1D6D495900E7DE5A /* ByteBufMessage.swift */; };
		387E86771D6D495900E7DE5A /* ErrorMessage.swift in Sources */ = {isa = PBXBuildFile; fileRef = 387E862D1D6D495900E7DE5A /* ErrorMessage.swift */; };
		387E86781D6D495900E7DE5A /* FastConnectMessage.swift in Sources */ = {isa = PBXBuildFile; fileRef = 387E862E1D6D495900E7DE5A /* FastConnectMessage.swift */; };
		387E86791D6D495900E7DE5A /* FastConnectOkMessage.swift in Sources */ = {isa = PBXBuildFile; fileRef = 387E862F1D6D495900E7DE5A /* FastConnectOkMessage.swift */; };
		387E867A1D6D495900E7DE5A /* HandshakeMessage.swift in Sources */ = {isa = PBXBuildFile; fileRef = 387E86301D6D495900E7DE5A /* HandshakeMessage.swift */; };
		387E867B1D6D495900E7DE5A /* HandshakeOkMessage.swift in Sources */ = {isa = PBXBuildFile; fileRef = 387E86311D6D495900E7DE5A /* HandshakeOkMessage.swift */; };
		387E867C1D6D495900E7DE5A /* HttpRequestMessage.swift in Sources */ = {isa = PBXBuildFile; fileRef = 387E86321D6D495900E7DE5A /* HttpRequestMessage.swift */; };
		387E867D1D6D495900E7DE5A /* HttpResponseMessage.swift in Sources */ = {isa = PBXBuildFile; fileRef = 387E86331D6D495900E7DE5A /* HttpResponseMessage.swift */; };
		387E867E1D6D495900E7DE5A /* KickUserMessage.swift in Sources */ = {isa = PBXBuildFile; fileRef = 387E86341D6D495900E7DE5A /* KickUserMessage.swift */; };
		387E867F1D6D495900E7DE5A /* OkMessage.swift in Sources */ = {isa = PBXBuildFile; fileRef = 387E86351D6D495900E7DE5A /* OkMessage.swift */; };
		387E86801D6D495900E7DE5A /* PushMessage.swift in Sources */ = {isa = PBXBuildFile; fileRef = 387E86361D6D495900E7DE5A /* PushMessage.swift */; };
		387E86811D6D495900E7DE5A /* AesCipher.swift in Sources */ = {isa = PBXBuildFile; fileRef = 387E86381D6D495900E7DE5A /* AesCipher.swift */; };
		387E86821D6D495900E7DE5A /* CipherBox.swift in Sources */ = {isa = PBXBuildFile; fileRef = 387E86391D6D495900E7DE5A /* CipherBox.swift */; };
		387E86831D6D495900E7DE5A /* RsaCipher.swift in Sources */ = {isa = PBXBuildFile; fileRef = 387E863A1D6D495900E7DE5A /* RsaCipher.swift */; };
		387E86841D6D495900E7DE5A /* FileSessionStorage.swift in Sources */ = {isa = PBXBuildFile; fileRef = 387E863C1D6D495900E7DE5A /* FileSessionStorage.swift */; };
		387E86851D6D495900E7DE5A /* PersistentSession.swift in Sources */ = {isa = PBXBuildFile; fileRef = 387E863D1D6D495900E7DE5A /* PersistentSession.swift */; };
		387E86861D6D495900E7DE5A /* AESUtils.swift in Sources */ = {isa = PBXBuildFile; fileRef = 387E863F1D6D495900E7DE5A /* AESUtils.swift */; };
		387E86871D6D495900E7DE5A /* ByteBuffer.swift in Sources */ = {isa = PBXBuildFile; fileRef = 387E86411D6D495900E7DE5A /* ByteBuffer.swift */; };
		387E86881D6D495900E7DE5A /* RFIReader.h in Headers */ = {isa = PBXBuildFile; fileRef = 387E86421D6D495900E7DE5A /* RFIReader.h */; settings = {ATTRIBUTES = (Public, ); }; };
		387E86891D6D495900E7DE5A /* RFIReader.m in Sources */ = {isa = PBXBuildFile; fileRef = 387E86431D6D495900E7DE5A /* RFIReader.m */; };
		387E868A1D6D495900E7DE5A /* RFIWriter.h in Headers */ = {isa = PBXBuildFile; fileRef = 387E86441D6D495900E7DE5A /* RFIWriter.h */; settings = {ATTRIBUTES = (Public, ); }; };
		387E868B1D6D495900E7DE5A /* RFIWriter.m in Sources */ = {isa = PBXBuildFile; fileRef = 387E86451D6D495900E7DE5A /* RFIWriter.m */; };
		387E868C1D6D495900E7DE5A /* UnsafeBuffer.swift in Sources */ = {isa = PBXBuildFile; fileRef = 387E86461D6D495900E7DE5A /* UnsafeBuffer.swift */; };
		387E868D1D6D495900E7DE5A /* Extensions.swift in Sources */ = {isa = PBXBuildFile; fileRef = 387E86471D6D495900E7DE5A /* Extensions.swift */; };
		387E868E1D6D495900E7DE5A /* Logger.swift in Sources */ = {isa = PBXBuildFile; fileRef = 387E86481D6D495900E7DE5A /* Logger.swift */; };
		387E868F1D6D495900E7DE5A /* MPUtils.swift in Sources */ = {isa = PBXBuildFile; fileRef = 387E86491D6D495900E7DE5A /* MPUtils.swift */; };
		387E86901D6D495900E7DE5A /* NSData+Z.swift in Sources */ = {isa = PBXBuildFile; fileRef = 387E864A1D6D495900E7DE5A /* NSData+Z.swift */; };
		387E86911D6D495900E7DE5A /* RASUtils.swift in Sources */ = {isa = PBXBuildFile; fileRef = 387E864B1D6D495900E7DE5A /* RASUtils.swift */; };
		387E86921D6D495900E7DE5A /* tcpsocket.c in Sources */ = {isa = PBXBuildFile; fileRef = 387E864D1D6D495900E7DE5A /* tcpsocket.c */; };
		387E86931D6D495900E7DE5A /* tcpsocket.h in Headers */ = {isa = PBXBuildFile; fileRef = 387E864E1D6D495900E7DE5A /* tcpsocket.h */; settings = {ATTRIBUTES = (Public, ); }; };
/* End PBXBuildFile section */

/* Begin PBXContainerItemProxy section */
		383B91631D12100E0064910A /* PBXContainerItemProxy */ = {
			isa = PBXContainerItemProxy;
			containerPortal = 383B914E1D12100E0064910A /* Project object */;
			proxyType = 1;
			remoteGlobalIDString = 383B91561D12100E0064910A;
			remoteInfo = mpush_client;
		};
/* End PBXContainerItemProxy section */

/* Begin PBXFileReference section */
		383B91571D12100E0064910A /* mpush_client.framework */ = {isa = PBXFileReference; explicitFileType = wrapper.framework; includeInIndex = 0; path = mpush_client.framework; sourceTree = BUILT_PRODUCTS_DIR; };
		383B915A1D12100E0064910A /* mpush_client.h */ = {isa = PBXFileReference; lastKnownFileType = sourcecode.c.h; path = mpush_client.h; sourceTree = "<group>"; };
		383B91611D12100E0064910A /* mpush_clientTests.xctest */ = {isa = PBXFileReference; explicitFileType = wrapper.cfbundle; includeInIndex = 0; path = mpush_clientTests.xctest; sourceTree = BUILT_PRODUCTS_DIR; };
		383B91661D12100E0064910A /* mpush_clientTests.swift */ = {isa = PBXFileReference; lastKnownFileType = sourcecode.swift; path = mpush_clientTests.swift; sourceTree = "<group>"; };
		383B91681D12100E0064910A /* Info.plist */ = {isa = PBXFileReference; lastKnownFileType = text.plist.xml; path = Info.plist; sourceTree = "<group>"; };
		383B91A81D124BE20064910A /* modules */ = {isa = PBXFileReference; lastKnownFileType = folder; path = modules; sourceTree = "<group>"; };
		383B91AE1D125CA90064910A /* libz.tbd */ = {isa = PBXFileReference; lastKnownFileType = "sourcecode.text-based-dylib-definition"; name = libz.tbd; path = usr/lib/libz.tbd; sourceTree = SDKROOT; };
		383B91C01D1268650064910A /* Info.plist */ = {isa = PBXFileReference; fileEncoding = 4; lastKnownFileType = text.plist.xml; path = Info.plist; sourceTree = "<group>"; };
		387E85FE1D6D495900E7DE5A /* Client.swift */ = {isa = PBXFileReference; fileEncoding = 4; lastKnownFileType = sourcecode.swift; path = Client.swift; sourceTree = "<group>"; };
		387E85FF1D6D495900E7DE5A /* ClientListener.swift */ = {isa = PBXFileReference; fileEncoding = 4; lastKnownFileType = sourcecode.swift; path = ClientListener.swift; sourceTree = "<group>"; };
		387E86011D6D495900E7DE5A /* Cipher.swift */ = {isa = PBXFileReference; fileEncoding = 4; lastKnownFileType = sourcecode.swift; path = Cipher.swift; sourceTree = "<group>"; };
		387E86021D6D495900E7DE5A /* Connection.swift */ = {isa = PBXFileReference; fileEncoding = 4; lastKnownFileType = sourcecode.swift; path = Connection.swift; sourceTree = "<group>"; };
		387E86031D6D495900E7DE5A /* SessionContext.swift */ = {isa = PBXFileReference; fileEncoding = 4; lastKnownFileType = sourcecode.swift; path = SessionContext.swift; sourceTree = "<group>"; };
		387E86041D6D495900E7DE5A /* SessionStorage.swift */ = {isa = PBXFileReference; fileEncoding = 4; lastKnownFileType = sourcecode.swift; path = SessionStorage.swift; sourceTree = "<group>"; };
		387E86061D6D495900E7DE5A /* HttpCallback.swift */ = {isa = PBXFileReference; fileEncoding = 4; lastKnownFileType = sourcecode.swift; path = HttpCallback.swift; sourceTree = "<group>"; };
		387E86071D6D495900E7DE5A /* HttpRequest.swift */ = {isa = PBXFileReference; fileEncoding = 4; lastKnownFileType = sourcecode.swift; path = HttpRequest.swift; sourceTree = "<group>"; };
		387E86081D6D495900E7DE5A /* HttpResponse.swift */ = {isa = PBXFileReference; fileEncoding = 4; lastKnownFileType = sourcecode.swift; path = HttpResponse.swift; sourceTree = "<group>"; };
		387E86091D6D495900E7DE5A /* ResonseFuture.swift */ = {isa = PBXFileReference; fileEncoding = 4; lastKnownFileType = sourcecode.swift; path = ResonseFuture.swift; sourceTree = "<group>"; };
		387E860A1D6D495900E7DE5A /* Message.swift */ = {isa = PBXFileReference; fileEncoding = 4; lastKnownFileType = sourcecode.swift; path = Message.swift; sourceTree = "<group>"; };
		387E860B1D6D495900E7DE5A /* MessageHandler.swift */ = {isa = PBXFileReference; fileEncoding = 4; lastKnownFileType = sourcecode.swift; path = MessageHandler.swift; sourceTree = "<group>"; };
		387E860C1D6D495900E7DE5A /* PacketReceiver.swift */ = {isa = PBXFileReference; fileEncoding = 4; lastKnownFileType = sourcecode.swift; path = PacketReceiver.swift; sourceTree = "<group>"; };
		387E860E1D6D495900E7DE5A /* Command.swift */ = {isa = PBXFileReference; fileEncoding = 4; lastKnownFileType = sourcecode.swift; path = Command.swift; sourceTree = "<group>"; };
		387E860F1D6D495900E7DE5A /* MpushProtocal.swift */ = {isa = PBXFileReference; fileEncoding = 4; lastKnownFileType = sourcecode.swift; path = MpushProtocal.swift; sourceTree = "<group>"; };
		387E86101D6D495900E7DE5A /* Packet.swift */ = {isa = PBXFileReference; fileEncoding = 4; lastKnownFileType = sourcecode.swift; path = Packet.swift; sourceTree = "<group>"; };
		387E86121D6D495900E7DE5A /* AllotClient.swift */ = {isa = PBXFileReference; fileEncoding = 4; lastKnownFileType = sourcecode.swift; path = AllotClient.swift; sourceTree = "<group>"; };
		387E86131D6D495900E7DE5A /* ClientConfig.swift */ = {isa = PBXFileReference; fileEncoding = 4; lastKnownFileType = sourcecode.swift; path = ClientConfig.swift; sourceTree = "<group>"; };
		387E86141D6D495900E7DE5A /* ConnectThread.swift */ = {isa = PBXFileReference; fileEncoding = 4; lastKnownFileType = sourcecode.swift; path = ConnectThread.swift; sourceTree = "<group>"; };
		387E86151D6D495900E7DE5A /* DefaultClientListener.swift */ = {isa = PBXFileReference; fileEncoding = 4; lastKnownFileType = sourcecode.swift; path = DefaultClientListener.swift; sourceTree = "<group>"; };
		387E86161D6D495900E7DE5A /* HttpRequestQueue.swift */ = {isa = PBXFileReference; fileEncoding = 4; lastKnownFileType = sourcecode.swift; path = HttpRequestQueue.swift; sourceTree = "<group>"; };
		387E86171D6D495900E7DE5A /* MessageDispatcher.swift */ = {isa = PBXFileReference; fileEncoding = 4; lastKnownFileType = sourcecode.swift; path = MessageDispatcher.swift; sourceTree = "<group>"; };
		387E86181D6D495900E7DE5A /* MpushClient.swift */ = {isa = PBXFileReference; fileEncoding = 4; lastKnownFileType = sourcecode.swift; path = MpushClient.swift; sourceTree = "<group>"; };
		387E86191D6D495900E7DE5A /* TcpConnection.swift */ = {isa = PBXFileReference; fileEncoding = 4; lastKnownFileType = sourcecode.swift; path = TcpConnection.swift; sourceTree = "<group>"; };
		387E861B1D6D495900E7DE5A /* PacketDecoder.swift */ = {isa = PBXFileReference; fileEncoding = 4; lastKnownFileType = sourcecode.swift; path = PacketDecoder.swift; sourceTree = "<group>"; };
		387E861C1D6D495900E7DE5A /* PacketEncoder.swift */ = {isa = PBXFileReference; fileEncoding = 4; lastKnownFileType = sourcecode.swift; path = PacketEncoder.swift; sourceTree = "<group>"; };
		387E861D1D6D495900E7DE5A /* PacketReader.swift */ = {isa = PBXFileReference; fileEncoding = 4; lastKnownFileType = sourcecode.swift; path = PacketReader.swift; sourceTree = "<group>"; };
		387E861E1D6D495900E7DE5A /* PacketWriter.swift */ = {isa = PBXFileReference; fileEncoding = 4; lastKnownFileType = sourcecode.swift; path = PacketWriter.swift; sourceTree = "<group>"; };
		387E86201D6D495900E7DE5A /* BaseMessageHandler.swift */ = {isa = PBXFileReference; fileEncoding = 4; lastKnownFileType = sourcecode.swift; path = BaseMessageHandler.swift; sourceTree = "<group>"; };
		387E86211D6D495900E7DE5A /* ErrorMessageHandler.swift */ = {isa = PBXFileReference; fileEncoding = 4; lastKnownFileType = sourcecode.swift; path = ErrorMessageHandler.swift; sourceTree = "<group>"; };
		387E86221D6D495900E7DE5A /* FastConnectOkHandler.swift */ = {isa = PBXFileReference; fileEncoding = 4; lastKnownFileType = sourcecode.swift; path = FastConnectOkHandler.swift; sourceTree = "<group>"; };
		387E86231D6D495900E7DE5A /* HandshakeOkHandler.swift */ = {isa = PBXFileReference; fileEncoding = 4; lastKnownFileType = sourcecode.swift; path = HandshakeOkHandler.swift; sourceTree = "<group>"; };
		387E86241D6D495900E7DE5A /* HeartbeatHandler.swift */ = {isa = PBXFileReference; fileEncoding = 4; lastKnownFileType = sourcecode.swift; path = HeartbeatHandler.swift; sourceTree = "<group>"; };
		387E86251D6D495900E7DE5A /* HttpProxyHandler.swift */ = {isa = PBXFileReference; fileEncoding = 4; lastKnownFileType = sourcecode.swift; path = HttpProxyHandler.swift; sourceTree = "<group>"; };
		387E86261D6D495900E7DE5A /* KickUserHandler.swift */ = {isa = PBXFileReference; fileEncoding = 4; lastKnownFileType = sourcecode.swift; path = KickUserHandler.swift; sourceTree = "<group>"; };
		387E86271D6D495900E7DE5A /* OkMessageHandler.swift */ = {isa = PBXFileReference; fileEncoding = 4; lastKnownFileType = sourcecode.swift; path = OkMessageHandler.swift; sourceTree = "<group>"; };
		387E86281D6D495900E7DE5A /* PushMessageHandler.swift */ = {isa = PBXFileReference; fileEncoding = 4; lastKnownFileType = sourcecode.swift; path = PushMessageHandler.swift; sourceTree = "<group>"; };
		387E862A1D6D495900E7DE5A /* BaseMessage.swift */ = {isa = PBXFileReference; fileEncoding = 4; lastKnownFileType = sourcecode.swift; path = BaseMessage.swift; sourceTree = "<group>"; };
		387E862B1D6D495900E7DE5A /* BindUserMessage.swift */ = {isa = PBXFileReference; fileEncoding = 4; lastKnownFileType = sourcecode.swift; path = BindUserMessage.swift; sourceTree = "<group>"; };
		387E862C1D6D495900E7DE5A /* ByteBufMessage.swift */ = {isa = PBXFileReference; fileEncoding = 4; lastKnownFileType = sourcecode.swift; path = ByteBufMessage.swift; sourceTree = "<group>"; };
		387E862D1D6D495900E7DE5A /* ErrorMessage.swift */ = {isa = PBXFileReference; fileEncoding = 4; lastKnownFileType = sourcecode.swift; path = ErrorMessage.swift; sourceTree = "<group>"; };
		387E862E1D6D495900E7DE5A /* FastConnectMessage.swift */ = {isa = PBXFileReference; fileEncoding = 4; lastKnownFileType = sourcecode.swift; path = FastConnectMessage.swift; sourceTree = "<group>"; };
		387E862F1D6D495900E7DE5A /* FastConnectOkMessage.swift */ = {isa = PBXFileReference; fileEncoding = 4; lastKnownFileType = sourcecode.swift; path = FastConnectOkMessage.swift; sourceTree = "<group>"; };
		387E86301D6D495900E7DE5A /* HandshakeMessage.swift */ = {isa = PBXFileReference; fileEncoding = 4; lastKnownFileType = sourcecode.swift; path = HandshakeMessage.swift; sourceTree = "<group>"; };
		387E86311D6D495900E7DE5A /* HandshakeOkMessage.swift */ = {isa = PBXFileReference; fileEncoding = 4; lastKnownFileType = sourcecode.swift; path = HandshakeOkMessage.swift; sourceTree = "<group>"; };
		387E86321D6D495900E7DE5A /* HttpRequestMessage.swift */ = {isa = PBXFileReference; fileEncoding = 4; lastKnownFileType = sourcecode.swift; path = HttpRequestMessage.swift; sourceTree = "<group>"; };
		387E86331D6D495900E7DE5A /* HttpResponseMessage.swift */ = {isa = PBXFileReference; fileEncoding = 4; lastKnownFileType = sourcecode.swift; path = HttpResponseMessage.swift; sourceTree = "<group>"; };
		387E86341D6D495900E7DE5A /* KickUserMessage.swift */ = {isa = PBXFileReference; fileEncoding = 4; lastKnownFileType = sourcecode.swift; path = KickUserMessage.swift; sourceTree = "<group>"; };
		387E86351D6D495900E7DE5A /* OkMessage.swift */ = {isa = PBXFileReference; fileEncoding = 4; lastKnownFileType = sourcecode.swift; path = OkMessage.swift; sourceTree = "<group>"; };
		387E86361D6D495900E7DE5A /* PushMessage.swift */ = {isa = PBXFileReference; fileEncoding = 4; lastKnownFileType = sourcecode.swift; path = PushMessage.swift; sourceTree = "<group>"; };
		387E86381D6D495900E7DE5A /* AesCipher.swift */ = {isa = PBXFileReference; fileEncoding = 4; lastKnownFileType = sourcecode.swift; path = AesCipher.swift; sourceTree = "<group>"; };
		387E86391D6D495900E7DE5A /* CipherBox.swift */ = {isa = PBXFileReference; fileEncoding = 4; lastKnownFileType = sourcecode.swift; path = CipherBox.swift; sourceTree = "<group>"; };
		387E863A1D6D495900E7DE5A /* RsaCipher.swift */ = {isa = PBXFileReference; fileEncoding = 4; lastKnownFileType = sourcecode.swift; path = RsaCipher.swift; sourceTree = "<group>"; };
		387E863C1D6D495900E7DE5A /* FileSessionStorage.swift */ = {isa = PBXFileReference; fileEncoding = 4; lastKnownFileType = sourcecode.swift; path = FileSessionStorage.swift; sourceTree = "<group>"; };
		387E863D1D6D495900E7DE5A /* PersistentSession.swift */ = {isa = PBXFileReference; fileEncoding = 4; lastKnownFileType = sourcecode.swift; path = PersistentSession.swift; sourceTree = "<group>"; };
		387E863F1D6D495900E7DE5A /* AESUtils.swift */ = {isa = PBXFileReference; fileEncoding = 4; lastKnownFileType = sourcecode.swift; path = AESUtils.swift; sourceTree = "<group>"; };
		387E86411D6D495900E7DE5A /* ByteBuffer.swift */ = {isa = PBXFileReference; fileEncoding = 4; lastKnownFileType = sourcecode.swift; path = ByteBuffer.swift; sourceTree = "<group>"; };
		387E86421D6D495900E7DE5A /* RFIReader.h */ = {isa = PBXFileReference; fileEncoding = 4; lastKnownFileType = sourcecode.c.h; path = RFIReader.h; sourceTree = "<group>"; };
		387E86431D6D495900E7DE5A /* RFIReader.m */ = {isa = PBXFileReference; fileEncoding = 4; lastKnownFileType = sourcecode.c.objc; path = RFIReader.m; sourceTree = "<group>"; };
		387E86441D6D495900E7DE5A /* RFIWriter.h */ = {isa = PBXFileReference; fileEncoding = 4; lastKnownFileType = sourcecode.c.h; path = RFIWriter.h; sourceTree = "<group>"; };
		387E86451D6D495900E7DE5A /* RFIWriter.m */ = {isa = PBXFileReference; fileEncoding = 4; lastKnownFileType = sourcecode.c.objc; path = RFIWriter.m; sourceTree = "<group>"; };
		387E86461D6D495900E7DE5A /* UnsafeBuffer.swift */ = {isa = PBXFileReference; fileEncoding = 4; lastKnownFileType = sourcecode.swift; path = UnsafeBuffer.swift; sourceTree = "<group>"; };
		387E86471D6D495900E7DE5A /* Extensions.swift */ = {isa = PBXFileReference; fileEncoding = 4; lastKnownFileType = sourcecode.swift; path = Extensions.swift; sourceTree = "<group>"; };
		387E86481D6D495900E7DE5A /* Logger.swift */ = {isa = PBXFileReference; fileEncoding = 4; lastKnownFileType = sourcecode.swift; path = Logger.swift; sourceTree = "<group>"; };
		387E86491D6D495900E7DE5A /* MPUtils.swift */ = {isa = PBXFileReference; fileEncoding = 4; lastKnownFileType = sourcecode.swift; path = MPUtils.swift; sourceTree = "<group>"; };
		387E864A1D6D495900E7DE5A /* NSData+Z.swift */ = {isa = PBXFileReference; fileEncoding = 4; lastKnownFileType = sourcecode.swift; path = "NSData+Z.swift"; sourceTree = "<group>"; };
		387E864B1D6D495900E7DE5A /* RASUtils.swift */ = {isa = PBXFileReference; fileEncoding = 4; lastKnownFileType = sourcecode.swift; path = RASUtils.swift; sourceTree = "<group>"; };
		387E864D1D6D495900E7DE5A /* tcpsocket.c */ = {isa = PBXFileReference; fileEncoding = 4; lastKnownFileType = sourcecode.c.c; path = tcpsocket.c; sourceTree = "<group>"; };
		387E864E1D6D495900E7DE5A /* tcpsocket.h */ = {isa = PBXFileReference; fileEncoding = 4; lastKnownFileType = sourcecode.c.h; path = tcpsocket.h; sourceTree = "<group>"; };
/* End PBXFileReference section */

/* Begin PBXFrameworksBuildPhase section */
		383B91531D12100E0064910A /* Frameworks */ = {
			isa = PBXFrameworksBuildPhase;
			buildActionMask = 2147483647;
			files = (
				383B91B21D125F170064910A /* libz.tbd in Frameworks */,
			);
			runOnlyForDeploymentPostprocessing = 0;
		};
		383B915E1D12100E0064910A /* Frameworks */ = {
			isa = PBXFrameworksBuildPhase;
			buildActionMask = 2147483647;
			files = (
				383B91621D12100E0064910A /* mpush_client.framework in Frameworks */,
			);
			runOnlyForDeploymentPostprocessing = 0;
		};
/* End PBXFrameworksBuildPhase section */

/* Begin PBXGroup section */
		383B914D1D12100E0064910A = {
			isa = PBXGroup;
			children = (
				383B91AE1D125CA90064910A /* libz.tbd */,
				383B91A81D124BE20064910A /* modules */,
				383B91591D12100E0064910A /* mpush_client */,
				383B91651D12100E0064910A /* mpush_clientTests */,
				383B91581D12100E0064910A /* Products */,
			);
			sourceTree = "<group>";
		};
		383B91581D12100E0064910A /* Products */ = {
			isa = PBXGroup;
			children = (
				383B91571D12100E0064910A /* mpush_client.framework */,
				383B91611D12100E0064910A /* mpush_clientTests.xctest */,
			);
			name = Products;
			sourceTree = "<group>";
		};
		383B91591D12100E0064910A /* mpush_client */ = {
			isa = PBXGroup;
			children = (
				387E85FD1D6D495900E7DE5A /* api */,
				387E86111D6D495900E7DE5A /* client */,
				387E861A1D6D495900E7DE5A /* codec */,
				387E861F1D6D495900E7DE5A /* handler */,
				387E86291D6D495900E7DE5A /* message */,
				387E86371D6D495900E7DE5A /* security */,
				387E863B1D6D495900E7DE5A /* session */,
				387E863E1D6D495900E7DE5A /* util */,
				383B915A1D12100E0064910A /* mpush_client.h */,
				383B91C01D1268650064910A /* Info.plist */,
			);
			path = mpush_client;
			sourceTree = "<group>";
		};
		383B91651D12100E0064910A /* mpush_clientTests */ = {
			isa = PBXGroup;
			children = (
				383B91661D12100E0064910A /* mpush_clientTests.swift */,
				383B91681D12100E0064910A /* Info.plist */,
			);
			path = mpush_clientTests;
			sourceTree = "<group>";
		};
		387E85FD1D6D495900E7DE5A /* api */ = {
			isa = PBXGroup;
			children = (
				387E85FE1D6D495900E7DE5A /* Client.swift */,
				387E85FF1D6D495900E7DE5A /* ClientListener.swift */,
				387E86001D6D495900E7DE5A /* connection */,
				387E86051D6D495900E7DE5A /* http */,
				387E860A1D6D495900E7DE5A /* Message.swift */,
				387E860B1D6D495900E7DE5A /* MessageHandler.swift */,
				387E860C1D6D495900E7DE5A /* PacketReceiver.swift */,
				387E860D1D6D495900E7DE5A /* protocol */,
			);
			path = api;
			sourceTree = "<group>";
		};
		387E86001D6D495900E7DE5A /* connection */ = {
			isa = PBXGroup;
			children = (
				387E86011D6D495900E7DE5A /* Cipher.swift */,
				387E86021D6D495900E7DE5A /* Connection.swift */,
				387E86031D6D495900E7DE5A /* SessionContext.swift */,
				387E86041D6D495900E7DE5A /* SessionStorage.swift */,
			);
			path = connection;
			sourceTree = "<group>";
		};
		387E86051D6D495900E7DE5A /* http */ = {
			isa = PBXGroup;
			children = (
				387E86061D6D495900E7DE5A /* HttpCallback.swift */,
				387E86071D6D495900E7DE5A /* HttpRequest.swift */,
				387E86081D6D495900E7DE5A /* HttpResponse.swift */,
				387E86091D6D495900E7DE5A /* ResonseFuture.swift */,
			);
			path = http;
			sourceTree = "<group>";
		};
		387E860D1D6D495900E7DE5A /* protocol */ = {
			isa = PBXGroup;
			children = (
				387E860E1D6D495900E7DE5A /* Command.swift */,
				387E860F1D6D495900E7DE5A /* MpushProtocal.swift */,
				387E86101D6D495900E7DE5A /* Packet.swift */,
			);
			path = protocol;
			sourceTree = "<group>";
		};
		387E86111D6D495900E7DE5A /* client */ = {
			isa = PBXGroup;
			children = (
				387E86121D6D495900E7DE5A /* AllotClient.swift */,
				387E86131D6D495900E7DE5A /* ClientConfig.swift */,
				387E86141D6D495900E7DE5A /* ConnectThread.swift */,
				387E86151D6D495900E7DE5A /* DefaultClientListener.swift */,
				387E86161D6D495900E7DE5A /* HttpRequestQueue.swift */,
				387E86171D6D495900E7DE5A /* MessageDispatcher.swift */,
				387E86181D6D495900E7DE5A /* MpushClient.swift */,
				387E86191D6D495900E7DE5A /* TcpConnection.swift */,
			);
			path = client;
			sourceTree = "<group>";
		};
		387E861A1D6D495900E7DE5A /* codec */ = {
			isa = PBXGroup;
			children = (
				387E861B1D6D495900E7DE5A /* PacketDecoder.swift */,
				387E861C1D6D495900E7DE5A /* PacketEncoder.swift */,
				387E861D1D6D495900E7DE5A /* PacketReader.swift */,
				387E861E1D6D495900E7DE5A /* PacketWriter.swift */,
			);
			path = codec;
			sourceTree = "<group>";
		};
		387E861F1D6D495900E7DE5A /* handler */ = {
			isa = PBXGroup;
			children = (
				387E86201D6D495900E7DE5A /* BaseMessageHandler.swift */,
				387E86211D6D495900E7DE5A /* ErrorMessageHandler.swift */,
				387E86221D6D495900E7DE5A /* FastConnectOkHandler.swift */,
				387E86231D6D495900E7DE5A /* HandshakeOkHandler.swift */,
				387E86241D6D495900E7DE5A /* HeartbeatHandler.swift */,
				387E86251D6D495900E7DE5A /* HttpProxyHandler.swift */,
				387E86261D6D495900E7DE5A /* KickUserHandler.swift */,
				387E86271D6D495900E7DE5A /* OkMessageHandler.swift */,
				387E86281D6D495900E7DE5A /* PushMessageHandler.swift */,
			);
			path = handler;
			sourceTree = "<group>";
		};
		387E86291D6D495900E7DE5A /* message */ = {
			isa = PBXGroup;
			children = (
				387E862A1D6D495900E7DE5A /* BaseMessage.swift */,
				387E862B1D6D495900E7DE5A /* BindUserMessage.swift */,
				387E862C1D6D495900E7DE5A /* ByteBufMessage.swift */,
				387E862D1D6D495900E7DE5A /* ErrorMessage.swift */,
				387E862E1D6D495900E7DE5A /* FastConnectMessage.swift */,
				387E862F1D6D495900E7DE5A /* FastConnectOkMessage.swift */,
				387E86301D6D495900E7DE5A /* HandshakeMessage.swift */,
				387E86311D6D495900E7DE5A /* HandshakeOkMessage.swift */,
				387E86321D6D495900E7DE5A /* HttpRequestMessage.swift */,
				387E86331D6D495900E7DE5A /* HttpResponseMessage.swift */,
				387E86341D6D495900E7DE5A /* KickUserMessage.swift */,
				387E86351D6D495900E7DE5A /* OkMessage.swift */,
				387E86361D6D495900E7DE5A /* PushMessage.swift */,
			);
			path = message;
			sourceTree = "<group>";
		};
		387E86371D6D495900E7DE5A /* security */ = {
			isa = PBXGroup;
			children = (
				387E86381D6D495900E7DE5A /* AesCipher.swift */,
				387E86391D6D495900E7DE5A /* CipherBox.swift */,
				387E863A1D6D495900E7DE5A /* RsaCipher.swift */,
			);
			path = security;
			sourceTree = "<group>";
		};
		387E863B1D6D495900E7DE5A /* session */ = {
			isa = PBXGroup;
			children = (
				387E863C1D6D495900E7DE5A /* FileSessionStorage.swift */,
				387E863D1D6D495900E7DE5A /* PersistentSession.swift */,
			);
			path = session;
			sourceTree = "<group>";
		};
		387E863E1D6D495900E7DE5A /* util */ = {
			isa = PBXGroup;
			children = (
				387E863F1D6D495900E7DE5A /* AESUtils.swift */,
				387E86401D6D495900E7DE5A /* buffer */,
				387E86471D6D495900E7DE5A /* Extensions.swift */,
				387E86481D6D495900E7DE5A /* Logger.swift */,
				387E86491D6D495900E7DE5A /* MPUtils.swift */,
				387E864A1D6D495900E7DE5A /* NSData+Z.swift */,
				387E864B1D6D495900E7DE5A /* RASUtils.swift */,
				387E864C1D6D495900E7DE5A /* tcp */,
			);
			path = util;
			sourceTree = "<group>";
		};
		387E86401D6D495900E7DE5A /* buffer */ = {
			isa = PBXGroup;
			children = (
				387E86411D6D495900E7DE5A /* ByteBuffer.swift */,
				387E86421D6D495900E7DE5A /* RFIReader.h */,
				387E86431D6D495900E7DE5A /* RFIReader.m */,
				387E86441D6D495900E7DE5A /* RFIWriter.h */,
				387E86451D6D495900E7DE5A /* RFIWriter.m */,
				387E86461D6D495900E7DE5A /* UnsafeBuffer.swift */,
			);
			path = buffer;
			sourceTree = "<group>";
		};
		387E864C1D6D495900E7DE5A /* tcp */ = {
			isa = PBXGroup;
			children = (
				387E864D1D6D495900E7DE5A /* tcpsocket.c */,
				387E864E1D6D495900E7DE5A /* tcpsocket.h */,
			);
			path = tcp;
			sourceTree = "<group>";
		};
/* End PBXGroup section */

/* Begin PBXHeadersBuildPhase section */
		383B91541D12100E0064910A /* Headers */ = {
			isa = PBXHeadersBuildPhase;
			buildActionMask = 2147483647;
			files = (
				383B915B1D12100E0064910A /* mpush_client.h in Headers */,
				387E86931D6D495900E7DE5A /* tcpsocket.h in Headers */,
				387E86881D6D495900E7DE5A /* RFIReader.h in Headers */,
				387E868A1D6D495900E7DE5A /* RFIWriter.h in Headers */,
			);
			runOnlyForDeploymentPostprocessing = 0;
		};
/* End PBXHeadersBuildPhase section */

/* Begin PBXNativeTarget section */
		383B91561D12100E0064910A /* mpush_client */ = {
			isa = PBXNativeTarget;
			buildConfigurationList = 383B916B1D12100E0064910A /* Build configuration list for PBXNativeTarget "mpush_client" */;
			buildPhases = (
				383B91521D12100E0064910A /* Sources */,
				383B91531D12100E0064910A /* Frameworks */,
				383B91541D12100E0064910A /* Headers */,
				383B91551D12100E0064910A /* Resources */,
			);
			buildRules = (
			);
			dependencies = (
			);
			name = mpush_client;
			productName = mpush_client;
			productReference = 383B91571D12100E0064910A /* mpush_client.framework */;
			productType = "com.apple.product-type.framework";
		};
		383B91601D12100E0064910A /* mpush_clientTests */ = {
			isa = PBXNativeTarget;
			buildConfigurationList = 383B916E1D12100E0064910A /* Build configuration list for PBXNativeTarget "mpush_clientTests" */;
			buildPhases = (
				383B915D1D12100E0064910A /* Sources */,
				383B915E1D12100E0064910A /* Frameworks */,
				383B915F1D12100E0064910A /* Resources */,
			);
			buildRules = (
			);
			dependencies = (
				383B91641D12100E0064910A /* PBXTargetDependency */,
			);
			name = mpush_clientTests;
			productName = mpush_clientTests;
			productReference = 383B91611D12100E0064910A /* mpush_clientTests.xctest */;
			productType = "com.apple.product-type.bundle.unit-test";
		};
/* End PBXNativeTarget section */

/* Begin PBXProject section */
		383B914E1D12100E0064910A /* Project object */ = {
			isa = PBXProject;
			attributes = {
				LastSwiftUpdateCheck = 0730;
				LastUpgradeCheck = 0730;
				ORGANIZATIONNAME = mpusher;
				TargetAttributes = {
					383B91561D12100E0064910A = {
						CreatedOnToolsVersion = 7.3.1;
					};
					383B91601D12100E0064910A = {
						CreatedOnToolsVersion = 7.3.1;
					};
				};
			};
			buildConfigurationList = 383B91511D12100E0064910A /* Build configuration list for PBXProject "mpush_client" */;
			compatibilityVersion = "Xcode 3.2";
			developmentRegion = English;
			hasScannedForEncodings = 0;
			knownRegions = (
				en,
			);
			mainGroup = 383B914D1D12100E0064910A;
			productRefGroup = 383B91581D12100E0064910A /* Products */;
			projectDirPath = "";
			projectRoot = "";
			targets = (
				383B91561D12100E0064910A /* mpush_client */,
				383B91601D12100E0064910A /* mpush_clientTests */,
			);
		};
/* End PBXProject section */

/* Begin PBXResourcesBuildPhase section */
		383B91551D12100E0064910A /* Resources */ = {
			isa = PBXResourcesBuildPhase;
			buildActionMask = 2147483647;
			files = (
				383B91A91D124BE20064910A /* modules in Resources */,
			);
			runOnlyForDeploymentPostprocessing = 0;
		};
		383B915F1D12100E0064910A /* Resources */ = {
			isa = PBXResourcesBuildPhase;
			buildActionMask = 2147483647;
			files = (
			);
			runOnlyForDeploymentPostprocessing = 0;
		};
/* End PBXResourcesBuildPhase section */

/* Begin PBXSourcesBuildPhase section */
		383B91521D12100E0064910A /* Sources */ = {
			isa = PBXSourcesBuildPhase;
			buildActionMask = 2147483647;
			files = (
				387E86551D6D495900E7DE5A /* HttpCallback.swift in Sources */,
				387E868C1D6D495900E7DE5A /* UnsafeBuffer.swift in Sources */,
				387E867D1D6D495900E7DE5A /* HttpResponseMessage.swift in Sources */,
				387E86671D6D495900E7DE5A /* PacketDecoder.swift in Sources */,
				387E86801D6D495900E7DE5A /* PushMessage.swift in Sources */,
				387E86741D6D495900E7DE5A /* BaseMessage.swift in Sources */,
				387E86691D6D495900E7DE5A /* PacketReader.swift in Sources */,
				387E866B1D6D495900E7DE5A /* BaseMessageHandler.swift in Sources */,
				387E86921D6D495900E7DE5A /* tcpsocket.c in Sources */,
				387E86511D6D495900E7DE5A /* Cipher.swift in Sources */,
				387E86901D6D495900E7DE5A /* NSData+Z.swift in Sources */,
				387E86601D6D495900E7DE5A /* ClientConfig.swift in Sources */,
				387E867B1D6D495900E7DE5A /* HandshakeOkMessage.swift in Sources */,
				387E86531D6D495900E7DE5A /* SessionContext.swift in Sources */,
				387E86861D6D495900E7DE5A /* AESUtils.swift in Sources */,
				387E86611D6D495900E7DE5A /* ConnectThread.swift in Sources */,
				387E86711D6D495900E7DE5A /* KickUserHandler.swift in Sources */,
				387E86781D6D495900E7DE5A /* FastConnectMessage.swift in Sources */,
				387E86831D6D495900E7DE5A /* RsaCipher.swift in Sources */,
				387E868F1D6D495900E7DE5A /* MPUtils.swift in Sources */,
				387E86821D6D495900E7DE5A /* CipherBox.swift in Sources */,
				387E86501D6D495900E7DE5A /* ClientListener.swift in Sources */,
				387E86891D6D495900E7DE5A /* RFIReader.m in Sources */,
				387E864F1D6D495900E7DE5A /* Client.swift in Sources */,
				387E86561D6D495900E7DE5A /* HttpRequest.swift in Sources */,
				387E86771D6D495900E7DE5A /* ErrorMessage.swift in Sources */,
				387E866A1D6D495900E7DE5A /* PacketWriter.swift in Sources */,
				387E868D1D6D495900E7DE5A /* Extensions.swift in Sources */,
				387E86591D6D495900E7DE5A /* Message.swift in Sources */,
				387E868B1D6D495900E7DE5A /* RFIWriter.m in Sources */,
				387E866C1D6D495900E7DE5A /* ErrorMessageHandler.swift in Sources */,
				387E86581D6D495900E7DE5A /* ResonseFuture.swift in Sources */,
				387E86731D6D495900E7DE5A /* PushMessageHandler.swift in Sources */,
				387E867F1D6D495900E7DE5A /* OkMessage.swift in Sources */,
				387E868E1D6D495900E7DE5A /* Logger.swift in Sources */,
				387E86651D6D495900E7DE5A /* MpushClient.swift in Sources */,
				387E86631D6D495900E7DE5A /* HttpRequestQueue.swift in Sources */,
				387E867C1D6D495900E7DE5A /* HttpRequestMessage.swift in Sources */,
				387E86721D6D495900E7DE5A /* OkMessageHandler.swift in Sources */,
				387E86851D6D495900E7DE5A /* PersistentSession.swift in Sources */,
				387E86701D6D495900E7DE5A /* HttpProxyHandler.swift in Sources */,
				387E86751D6D495900E7DE5A /* BindUserMessage.swift in Sources */,
				387E86871D6D495900E7DE5A /* ByteBuffer.swift in Sources */,
				387E86791D6D495900E7DE5A /* FastConnectOkMessage.swift in Sources */,
				387E86571D6D495900E7DE5A /* HttpResponse.swift in Sources */,
				387E866E1D6D495900E7DE5A /* HandshakeOkHandler.swift in Sources */,
				387E86661D6D495900E7DE5A /* TcpConnection.swift in Sources */,
				387E86841D6D495900E7DE5A /* FileSessionStorage.swift in Sources */,
				387E86541D6D495900E7DE5A /* SessionStorage.swift in Sources */,
				387E86621D6D495900E7DE5A /* DefaultClientListener.swift in Sources */,
				387E86641D6D495900E7DE5A /* MessageDispatcher.swift in Sources */,
				387E86761D6D495900E7DE5A /* ByteBufMessage.swift in Sources */,
				387E865A1D6D495900E7DE5A /* MessageHandler.swift in Sources */,
				387E865C1D6D495900E7DE5A /* Command.swift in Sources */,
				387E867E1D6D495900E7DE5A /* KickUserMessage.swift in Sources */,
				387E866F1D6D495900E7DE5A /* HeartbeatHandler.swift in Sources */,
				387E866D1D6D495900E7DE5A /* FastConnectOkHandler.swift in Sources */,
				387E86811D6D495900E7DE5A /* AesCipher.swift in Sources */,
				387E865D1D6D495900E7DE5A /* MpushProtocal.swift in Sources */,
				387E865F1D6D495900E7DE5A /* AllotClient.swift in Sources */,
				387E86681D6D495900E7DE5A /* PacketEncoder.swift in Sources */,
				387E86521D6D495900E7DE5A /* Connection.swift in Sources */,
				387E867A1D6D495900E7DE5A /* HandshakeMessage.swift in Sources */,
				387E865B1D6D495900E7DE5A /* PacketReceiver.swift in Sources */,
				387E86911D6D495900E7DE5A /* RASUtils.swift in Sources */,
				387E865E1D6D495900E7DE5A /* Packet.swift in Sources */,
			);
			runOnlyForDeploymentPostprocessing = 0;
		};
		383B915D1D12100E0064910A /* Sources */ = {
			isa = PBXSourcesBuildPhase;
			buildActionMask = 2147483647;
			files = (
				383B91671D12100E0064910A /* mpush_clientTests.swift in Sources */,
			);
			runOnlyForDeploymentPostprocessing = 0;
		};
/* End PBXSourcesBuildPhase section */

/* Begin PBXTargetDependency section */
		383B91641D12100E0064910A /* PBXTargetDependency */ = {
			isa = PBXTargetDependency;
			target = 383B91561D12100E0064910A /* mpush_client */;
			targetProxy = 383B91631D12100E0064910A /* PBXContainerItemProxy */;
		};
/* End PBXTargetDependency section */

/* Begin XCBuildConfiguration section */
		383B91691D12100E0064910A /* Debug */ = {
			isa = XCBuildConfiguration;
			buildSettings = {
				ALWAYS_SEARCH_USER_PATHS = NO;
				CLANG_ANALYZER_NONNULL = YES;
				CLANG_CXX_LANGUAGE_STANDARD = "gnu++0x";
				CLANG_CXX_LIBRARY = "libc++";
				CLANG_ENABLE_MODULES = YES;
				CLANG_ENABLE_OBJC_ARC = YES;
				CLANG_WARN_BOOL_CONVERSION = YES;
				CLANG_WARN_CONSTANT_CONVERSION = YES;
				CLANG_WARN_DIRECT_OBJC_ISA_USAGE = YES_ERROR;
				CLANG_WARN_EMPTY_BODY = YES;
				CLANG_WARN_ENUM_CONVERSION = YES;
				CLANG_WARN_INT_CONVERSION = YES;
				CLANG_WARN_OBJC_ROOT_CLASS = YES_ERROR;
				CLANG_WARN_UNREACHABLE_CODE = YES;
				CLANG_WARN__DUPLICATE_METHOD_MATCH = YES;
				"CODE_SIGN_IDENTITY[sdk=iphoneos*]" = "iPhone Developer";
				COPY_PHASE_STRIP = NO;
				CURRENT_PROJECT_VERSION = 1;
				DEBUG_INFORMATION_FORMAT = dwarf;
				ENABLE_STRICT_OBJC_MSGSEND = YES;
				ENABLE_TESTABILITY = YES;
				GCC_C_LANGUAGE_STANDARD = gnu99;
				GCC_DYNAMIC_NO_PIC = NO;
				GCC_NO_COMMON_BLOCKS = YES;
				GCC_OPTIMIZATION_LEVEL = 0;
				GCC_PREPROCESSOR_DEFINITIONS = (
					"DEBUG=1",
					"$(inherited)",
				);
				GCC_WARN_64_TO_32_BIT_CONVERSION = YES;
				GCC_WARN_ABOUT_RETURN_TYPE = YES_ERROR;
				GCC_WARN_UNDECLARED_SELECTOR = YES;
				GCC_WARN_UNINITIALIZED_AUTOS = YES_AGGRESSIVE;
				GCC_WARN_UNUSED_FUNCTION = YES;
				GCC_WARN_UNUSED_VARIABLE = YES;
				IPHONEOS_DEPLOYMENT_TARGET = 9.3;
				MTL_ENABLE_DEBUG_INFO = YES;
				ONLY_ACTIVE_ARCH = YES;
				SDKROOT = iphoneos;
				SWIFT_INCLUDE_PATHS = modules;
				SWIFT_OBJC_BRIDGING_HEADER = "";
				SWIFT_OPTIMIZATION_LEVEL = "-Onone";
				TARGETED_DEVICE_FAMILY = "1,2";
				VERSIONING_SYSTEM = "apple-generic";
				VERSION_INFO_PREFIX = "";
			};
			name = Debug;
		};
		383B916A1D12100E0064910A /* Release */ = {
			isa = XCBuildConfiguration;
			buildSettings = {
				ALWAYS_SEARCH_USER_PATHS = NO;
				CLANG_ANALYZER_NONNULL = YES;
				CLANG_CXX_LANGUAGE_STANDARD = "gnu++0x";
				CLANG_CXX_LIBRARY = "libc++";
				CLANG_ENABLE_MODULES = YES;
				CLANG_ENABLE_OBJC_ARC = YES;
				CLANG_WARN_BOOL_CONVERSION = YES;
				CLANG_WARN_CONSTANT_CONVERSION = YES;
				CLANG_WARN_DIRECT_OBJC_ISA_USAGE = YES_ERROR;
				CLANG_WARN_EMPTY_BODY = YES;
				CLANG_WARN_ENUM_CONVERSION = YES;
				CLANG_WARN_INT_CONVERSION = YES;
				CLANG_WARN_OBJC_ROOT_CLASS = YES_ERROR;
				CLANG_WARN_UNREACHABLE_CODE = YES;
				CLANG_WARN__DUPLICATE_METHOD_MATCH = YES;
				"CODE_SIGN_IDENTITY[sdk=iphoneos*]" = "iPhone Developer";
				COPY_PHASE_STRIP = NO;
				CURRENT_PROJECT_VERSION = 1;
				DEBUG_INFORMATION_FORMAT = "dwarf-with-dsym";
				ENABLE_NS_ASSERTIONS = NO;
				ENABLE_STRICT_OBJC_MSGSEND = YES;
				GCC_C_LANGUAGE_STANDARD = gnu99;
				GCC_NO_COMMON_BLOCKS = YES;
				GCC_WARN_64_TO_32_BIT_CONVERSION = YES;
				GCC_WARN_ABOUT_RETURN_TYPE = YES_ERROR;
				GCC_WARN_UNDECLARED_SELECTOR = YES;
				GCC_WARN_UNINITIALIZED_AUTOS = YES_AGGRESSIVE;
				GCC_WARN_UNUSED_FUNCTION = YES;
				GCC_WARN_UNUSED_VARIABLE = YES;
				IPHONEOS_DEPLOYMENT_TARGET = 9.3;
				MTL_ENABLE_DEBUG_INFO = NO;
				SDKROOT = iphoneos;
				SWIFT_INCLUDE_PATHS = modules;
				SWIFT_OBJC_BRIDGING_HEADER = "";
				TARGETED_DEVICE_FAMILY = "1,2";
				VALIDATE_PRODUCT = YES;
				VERSIONING_SYSTEM = "apple-generic";
				VERSION_INFO_PREFIX = "";
			};
			name = Release;
		};
		383B916C1D12100E0064910A /* Debug */ = {
			isa = XCBuildConfiguration;
			buildSettings = {
				CLANG_ENABLE_MODULES = YES;
				DEFINES_MODULE = YES;
				DYLIB_COMPATIBILITY_VERSION = 1;
				DYLIB_CURRENT_VERSION = 1;
				DYLIB_INSTALL_NAME_BASE = "@rpath";
				INFOPLIST_FILE = mpush_client/Info.plist;
				INSTALL_PATH = "$(LOCAL_LIBRARY_DIR)/Frameworks";
				LD_RUNPATH_SEARCH_PATHS = "$(inherited) @executable_path/Frameworks @loader_path/Frameworks";
				PRODUCT_BUNDLE_IDENTIFIER = "com.mpush.mpush-client";
				PRODUCT_NAME = "$(TARGET_NAME)";
				SKIP_INSTALL = YES;
				SWIFT_INCLUDE_PATHS = modules;
				SWIFT_OPTIMIZATION_LEVEL = "-Onone";
			};
			name = Debug;
		};
		383B916D1D12100E0064910A /* Release */ = {
			isa = XCBuildConfiguration;
			buildSettings = {
				CLANG_ENABLE_MODULES = YES;
				DEFINES_MODULE = YES;
				DYLIB_COMPATIBILITY_VERSION = 1;
				DYLIB_CURRENT_VERSION = 1;
				DYLIB_INSTALL_NAME_BASE = "@rpath";
				INFOPLIST_FILE = mpush_client/Info.plist;
				INSTALL_PATH = "$(LOCAL_LIBRARY_DIR)/Frameworks";
				LD_RUNPATH_SEARCH_PATHS = "$(inherited) @executable_path/Frameworks @loader_path/Frameworks";
				PRODUCT_BUNDLE_IDENTIFIER = "com.mpush.mpush-client";
				PRODUCT_NAME = "$(TARGET_NAME)";
				SKIP_INSTALL = YES;
				SWIFT_INCLUDE_PATHS = modules;
			};
			name = Release;
		};
		383B916F1D12100E0064910A /* Debug */ = {
			isa = XCBuildConfiguration;
			buildSettings = {
				INFOPLIST_FILE = mpush_clientTests/Info.plist;
				LD_RUNPATH_SEARCH_PATHS = "$(inherited) @executable_path/Frameworks @loader_path/Frameworks";
				PRODUCT_BUNDLE_IDENTIFIER = "com.mpush.mpush-clientTests";
				PRODUCT_NAME = "$(TARGET_NAME)";
			};
			name = Debug;
		};
		383B91701D12100E0064910A /* Release */ = {
			isa = XCBuildConfiguration;
			buildSettings = {
				INFOPLIST_FILE = mpush_clientTests/Info.plist;
				LD_RUNPATH_SEARCH_PATHS = "$(inherited) @executable_path/Frameworks @loader_path/Frameworks";
				PRODUCT_BUNDLE_IDENTIFIER = "com.mpush.mpush-clientTests";
				PRODUCT_NAME = "$(TARGET_NAME)";
			};
			name = Release;
		};
/* End XCBuildConfiguration section */

/* Begin XCConfigurationList section */
		383B91511D12100E0064910A /* Build configuration list for PBXProject "mpush_client" */ = {
			isa = XCConfigurationList;
			buildConfigurations = (
				383B91691D12100E0064910A /* Debug */,
				383B916A1D12100E0064910A /* Release */,
			);
			defaultConfigurationIsVisible = 0;
			defaultConfigurationName = Release;
		};
		383B916B1D12100E0064910A /* Build configuration list for PBXNativeTarget "mpush_client" */ = {
			isa = XCConfigurationList;
			buildConfigurations = (
				383B916C1D12100E0064910A /* Debug */,
				383B916D1D12100E0064910A /* Release */,
			);
			defaultConfigurationIsVisible = 0;
			defaultConfigurationName = Release;
		};
		383B916E1D12100E0064910A /* Build configuration list for PBXNativeTarget "mpush_clientTests" */ = {
			isa = XCConfigurationList;
			buildConfigurations = (
				383B916F1D12100E0064910A /* Debug */,
				383B91701D12100E0064910A /* Release */,
			);
			defaultConfigurationIsVisible = 0;
			defaultConfigurationName = Release;
		};
/* End XCConfigurationList section */
	};
	rootObject = 383B914E1D12100E0064910A /* Project object */;
}
